
Microsoft Visual Studio Solution File, Format Version 12.00
# Visual Studio Version 17
VisualStudioVersion = 17.7.34009.444
MinimumVisualStudioVersion = 10.0.40219.1
Project("{FAE04EC0-301F-11D3-BF4B-00C04F79EFBC}") = "PartialClass1", "PartialClass1\PartialClass1.csproj", "{1303B762-1196-4AF8-A1E8-D469CE1EFE19}"
EndProject
Global
	GlobalSection(SolutionConfigurationPlatforms) = preSolution
		Debug|Any CPU = Debug|Any CPU
		Release|Any CPU = Release|Any CPU
	EndGlobalSection
	GlobalSection(ProjectConfigurationPlatforms) = postSolution
		{1303B762-1196-4AF8-A1E8-D469CE1EFE19}.Debug|Any CPU.ActiveCfg = Debug|Any CPU
		{1303B762-1196-4AF8-A1E8-D469CE1EFE19}.Debug|Any CPU.Build.0 = Debug|Any CPU
		{1303B762-1196-4AF8-A1E8-D469CE1EFE19}.Release|Any CPU.ActiveCfg = Release|Any CPU
		{1303B762-1196-4AF8-A1E8-D469CE1EFE19}.Release|Any CPU.Build.0 = Release|Any CPU
	EndGlobalSection
	GlobalSection(SolutionProperties) = preSolution
		HideSolutionNode = FALSE
	EndGlobalSection
	GlobalSection(ExtensibilityGlobals) = postSolution
		SolutionGuid = {C98DB8E7-13CA-4F79-B552-E214659D0F7F}
	EndGlobalSection
EndGlobal
